
Microsoft Visual Studio Solution File, Format Version 12.00
# Visual Studio Version 17
VisualStudioVersion = 17.14.36511.14
MinimumVisualStudioVersion = 10.0.40219.1
Project("{FAE04EC0-301F-11D3-BF4B-00C04F79EFBC}") = "Chandam", "Chandam\Chandam.csproj", "{0B7E39D4-1527-4802-A01D-4464980E5EFB}"
EndProject
Project("{FAE04EC0-301F-11D3-BF4B-00C04F79EFBC}") = "Chandam.Core", "Core\Chandam.Core.csproj", "{2F146852-E09A-43DE-A3FC-26AF8A464ADE}"
EndProject
Project("{FAE04EC0-301F-11D3-BF4B-00C04F79EFBC}") = "Chandam.Rules", "Rules\Chandam.Rules.csproj", "{91C994A6-0245-406C-8637-C446E58F27BE}"
EndProject
Project("{FAE04EC0-301F-11D3-BF4B-00C04F79EFBC}") = "Chandam.Samples", "Samples\Chandam.Samples.csproj", "{F346FEDE-C516-44E4-B1E3-62793CB424C2}"
EndProject
Project("{FAE04EC0-301F-11D3-BF4B-00C04F79EFBC}") = "Chandam.Indic", "Strings\Chandam.Indic.csproj", "{EBA36E87-C1A0-44FE-AF8A-569727B148A4}"
EndProject
Project("{FAE04EC0-301F-11D3-BF4B-00C04F79EFBC}") = "Chandam.Util", "Util\Chandam.Util.csproj", "{B7ECDF4A-15E5-429C-BB4C-BFF673E85F08}"
EndProject
Project("{2150E333-8FDC-42A3-9474-1A3956D46DE8}") = "Lib", "Lib", "{41A9422E-2021-4DF2-AF38-3F44EFB6DF3D}"
EndProject
Project("{2150E333-8FDC-42A3-9474-1A3956D46DE8}") = "Windows", "Windows", "{06B52100-AC0C-4A4A-B4C9-4012F540617E}"
EndProject
Project("{FAE04EC0-301F-11D3-BF4B-00C04F79EFBC}") = "Verifier", "Verifier\Verifier.csproj", "{A2ACA50F-7E14-4A8F-AF2B-89D7FDA4429F}"
EndProject
Project("{2150E333-8FDC-42A3-9474-1A3956D46DE8}") = "API", "API", "{02EA681E-C7D8-13C7-8484-4AC65E1B71E8}"
EndProject
Project("{FAE04EC0-301F-11D3-BF4B-00C04F79EFBC}") = "Chandam.API.WebApi", "Chandam.API.WebApi\Chandam.API.WebApi.csproj", "{73F2DD9E-AF24-5B44-190A-54C9E8043747}"
EndProject
Project("{FAE04EC0-301F-11D3-BF4B-00C04F79EFBC}") = "Chandam.API.Demo", "Chandam.API.Demo\Chandam.API.Demo.csproj", "{62C74503-0384-FB03-9EC0-A84263A00056}"
EndProject
Project("{FAE04EC0-301F-11D3-BF4B-00C04F79EFBC}") = "Chandam.API.IntegrationTests", "Chandam.API.IntegrationTests\Chandam.API.IntegrationTests.csproj", "{3E3B7FD4-CB86-0FAE-1EEB-2330F1F33263}"
EndProject
Project("{FAE04EC0-301F-11D3-BF4B-00C04F79EFBC}") = "Chandam.API.Tests", "Chandam.API.Tests\Chandam.API.Tests.csproj", "{DDD6F19D-7056-7B58-8364-E8D68B1453A4}"
EndProject
Project("{FAE04EC0-301F-11D3-BF4B-00C04F79EFBC}") = "Chandam.API", "Chandam.API\Chandam.API.csproj", "{2640660C-470D-D57A-CFDB-C5A3D6159446}"
EndProject
Project("{FAE04EC0-301F-11D3-BF4B-00C04F79EFBC}") = "Chandam.MCP.Tools", "Chandam.MCP.Tools\Chandam.MCP.Tools.csproj", "{9CD6B02A-18E4-4EBF-BE4C-9FB318D40580}"
EndProject
Project("{FAE04EC0-301F-11D3-BF4B-00C04F79EFBC}") = "Chandam.MCP.Stdio", "Chandam.MCP.Stdio\Chandam.MCP.Stdio.csproj", "{3E2405A3-2895-4504-9B37-5D1E6EB8FA8B}"
EndProject
Project("{FAE04EC0-301F-11D3-BF4B-00C04F79EFBC}") = "Chandam.MCP.Http", "Chandam.MCP.Http\Chandam.MCP.Http.csproj", "{7332C93D-6408-435F-A30F-908B27CC8734}"
EndProject
Project("{FAE04EC0-301F-11D3-BF4B-00C04F79EFBC}") = "Chandam.MCP.Tests", "Chandam.MCP.Tests\Chandam.MCP.Tests.csproj", "{2B8D4579-D490-4249-BB26-9735C3C7FCB8}"
EndProject
Global
	GlobalSection(SolutionConfigurationPlatforms) = preSolution
		Debug|Any CPU = Debug|Any CPU
		Debug|x86 = Debug|x86
		Debug|x64 = Debug|x64
		Release|Any CPU = Release|Any CPU
		Release|x86 = Release|x86
		Release|x64 = Release|x64
	EndGlobalSection
	GlobalSection(ProjectConfigurationPlatforms) = postSolution
		{0B7E39D4-1527-4802-A01D-4464980E5EFB}.Debug|Any CPU.ActiveCfg = Debug|x86
		{0B7E39D4-1527-4802-A01D-4464980E5EFB}.Debug|x86.ActiveCfg = Debug|x86
		{0B7E39D4-1527-4802-A01D-4464980E5EFB}.Debug|x86.Build.0 = Debug|x86
		{0B7E39D4-1527-4802-A01D-4464980E5EFB}.Debug|x64.ActiveCfg = Debug|Any CPU
		{0B7E39D4-1527-4802-A01D-4464980E5EFB}.Debug|x64.Build.0 = Debug|Any CPU
		{0B7E39D4-1527-4802-A01D-4464980E5EFB}.Release|Any CPU.ActiveCfg = Release|x86
		{0B7E39D4-1527-4802-A01D-4464980E5EFB}.Release|x86.ActiveCfg = Release|x86
		{0B7E39D4-1527-4802-A01D-4464980E5EFB}.Release|x86.Build.0 = Release|x86
		{0B7E39D4-1527-4802-A01D-4464980E5EFB}.Release|x64.ActiveCfg = Release|Any CPU
		{0B7E39D4-1527-4802-A01D-4464980E5EFB}.Release|x64.Build.0 = Release|Any CPU
		{2F146852-E09A-43DE-A3FC-26AF8A464ADE}.Debug|Any CPU.ActiveCfg = Debug|Any CPU
		{2F146852-E09A-43DE-A3FC-26AF8A464ADE}.Debug|Any CPU.Build.0 = Debug|Any CPU
		{2F146852-E09A-43DE-A3FC-26AF8A464ADE}.Debug|x86.ActiveCfg = Debug|Any CPU
		{2F146852-E09A-43DE-A3FC-26AF8A464ADE}.Debug|x86.Build.0 = Debug|Any CPU
		{2F146852-E09A-43DE-A3FC-26AF8A464ADE}.Debug|x64.ActiveCfg = Debug|Any CPU
		{2F146852-E09A-43DE-A3FC-26AF8A464ADE}.Debug|x64.Build.0 = Debug|Any CPU
		{2F146852-E09A-43DE-A3FC-26AF8A464ADE}.Release|Any CPU.ActiveCfg = Release|Any CPU
		{2F146852-E09A-43DE-A3FC-26AF8A464ADE}.Release|Any CPU.Build.0 = Release|Any CPU
		{2F146852-E09A-43DE-A3FC-26AF8A464ADE}.Release|x86.ActiveCfg = Release|Any CPU
		{2F146852-E09A-43DE-A3FC-26AF8A464ADE}.Release|x86.Build.0 = Release|Any CPU
		{2F146852-E09A-43DE-A3FC-26AF8A464ADE}.Release|x64.ActiveCfg = Release|Any CPU
		{2F146852-E09A-43DE-A3FC-26AF8A464ADE}.Release|x64.Build.0 = Release|Any CPU
		{91C994A6-0245-406C-8637-C446E58F27BE}.Debug|Any CPU.ActiveCfg = Debug|Any CPU
		{91C994A6-0245-406C-8637-C446E58F27BE}.Debug|Any CPU.Build.0 = Debug|Any CPU
		{91C994A6-0245-406C-8637-C446E58F27BE}.Debug|x86.ActiveCfg = Debug|Any CPU
		{91C994A6-0245-406C-8637-C446E58F27BE}.Debug|x86.Build.0 = Debug|Any CPU
		{91C994A6-0245-406C-8637-C446E58F27BE}.Debug|x64.ActiveCfg = Debug|Any CPU
		{91C994A6-0245-406C-8637-C446E58F27BE}.Debug|x64.Build.0 = Debug|Any CPU
		{91C994A6-0245-406C-8637-C446E58F27BE}.Release|Any CPU.ActiveCfg = Release|Any CPU
		{91C994A6-0245-406C-8637-C446E58F27BE}.Release|Any CPU.Build.0 = Release|Any CPU
		{91C994A6-0245-406C-8637-C446E58F27BE}.Release|x86.ActiveCfg = Release|Any CPU
		{91C994A6-0245-406C-8637-C446E58F27BE}.Release|x86.Build.0 = Release|Any CPU
		{91C994A6-0245-406C-8637-C446E58F27BE}.Release|x64.ActiveCfg = Release|Any CPU
		{91C994A6-0245-406C-8637-C446E58F27BE}.Release|x64.Build.0 = Release|Any CPU
		{F346FEDE-C516-44E4-B1E3-62793CB424C2}.Debug|Any CPU.ActiveCfg = Debug|Any CPU
		{F346FEDE-C516-44E4-B1E3-62793CB424C2}.Debug|Any CPU.Build.0 = Debug|Any CPU
		{F346FEDE-C516-44E4-B1E3-62793CB424C2}.Debug|x86.ActiveCfg = Debug|Any CPU
		{F346FEDE-C516-44E4-B1E3-62793CB424C2}.Debug|x86.Build.0 = Debug|Any CPU
		{F346FEDE-C516-44E4-B1E3-62793CB424C2}.Debug|x64.ActiveCfg = Debug|Any CPU
		{F346FEDE-C516-44E4-B1E3-62793CB424C2}.Debug|x64.Build.0 = Debug|Any CPU
		{F346FEDE-C516-44E4-B1E3-62793CB424C2}.Release|Any CPU.ActiveCfg = Release|Any CPU
		{F346FEDE-C516-44E4-B1E3-62793CB424C2}.Release|Any CPU.Build.0 = Release|Any CPU
		{F346FEDE-C516-44E4-B1E3-62793CB424C2}.Release|x86.ActiveCfg = Release|Any CPU
		{F346FEDE-C516-44E4-B1E3-62793CB424C2}.Release|x86.Build.0 = Release|Any CPU
		{F346FEDE-C516-44E4-B1E3-62793CB424C2}.Release|x64.ActiveCfg = Release|Any CPU
		{F346FEDE-C516-44E4-B1E3-62793CB424C2}.Release|x64.Build.0 = Release|Any CPU
		{EBA36E87-C1A0-44FE-AF8A-569727B148A4}.Debug|Any CPU.ActiveCfg = Debug|Any CPU
		{EBA36E87-C1A0-44FE-AF8A-569727B148A4}.Debug|Any CPU.Build.0 = Debug|Any CPU
		{EBA36E87-C1A0-44FE-AF8A-569727B148A4}.Debug|x86.ActiveCfg = Debug|Any CPU
		{EBA36E87-C1A0-44FE-AF8A-569727B148A4}.Debug|x86.Build.0 = Debug|Any CPU
		{EBA36E87-C1A0-44FE-AF8A-569727B148A4}.Debug|x64.ActiveCfg = Debug|Any CPU
		{EBA36E87-C1A0-44FE-AF8A-569727B148A4}.Debug|x64.Build.0 = Debug|Any CPU
		{EBA36E87-C1A0-44FE-AF8A-569727B148A4}.Release|Any CPU.ActiveCfg = Release|Any CPU
		{EBA36E87-C1A0-44FE-AF8A-569727B148A4}.Release|Any CPU.Build.0 = Release|Any CPU
		{EBA36E87-C1A0-44FE-AF8A-569727B148A4}.Release|x86.ActiveCfg = Release|Any CPU
		{EBA36E87-C1A0-44FE-AF8A-569727B148A4}.Release|x86.Build.0 = Release|Any CPU
		{EBA36E87-C1A0-44FE-AF8A-569727B148A4}.Release|x64.ActiveCfg = Release|Any CPU
		{EBA36E87-C1A0-44FE-AF8A-569727B148A4}.Release|x64.Build.0 = Release|Any CPU
		{B7ECDF4A-15E5-429C-BB4C-BFF673E85F08}.Debug|Any CPU.ActiveCfg = Debug|Any CPU
		{B7ECDF4A-15E5-429C-BB4C-BFF673E85F08}.Debug|Any CPU.Build.0 = Debug|Any CPU
		{B7ECDF4A-15E5-429C-BB4C-BFF673E85F08}.Debug|x86.ActiveCfg = Debug|Any CPU
		{B7ECDF4A-15E5-429C-BB4C-BFF673E85F08}.Debug|x86.Build.0 = Debug|Any CPU
		{B7ECDF4A-15E5-429C-BB4C-BFF673E85F08}.Debug|x64.ActiveCfg = Debug|Any CPU
		{B7ECDF4A-15E5-429C-BB4C-BFF673E85F08}.Debug|x64.Build.0 = Debug|Any CPU
		{B7ECDF4A-15E5-429C-BB4C-BFF673E85F08}.Release|Any CPU.ActiveCfg = Release|Any CPU
		{B7ECDF4A-15E5-429C-BB4C-BFF673E85F08}.Release|Any CPU.Build.0 = Release|Any CPU
		{B7ECDF4A-15E5-429C-BB4C-BFF673E85F08}.Release|x86.ActiveCfg = Release|Any CPU
		{B7ECDF4A-15E5-429C-BB4C-BFF673E85F08}.Release|x86.Build.0 = Release|Any CPU
		{B7ECDF4A-15E5-429C-BB4C-BFF673E85F08}.Release|x64.ActiveCfg = Release|Any CPU
		{B7ECDF4A-15E5-429C-BB4C-BFF673E85F08}.Release|x64.Build.0 = Release|Any CPU
		{A2ACA50F-7E14-4A8F-AF2B-89D7FDA4429F}.Debug|Any CPU.ActiveCfg = Debug|x86
		{A2ACA50F-7E14-4A8F-AF2B-89D7FDA4429F}.Debug|x86.ActiveCfg = Debug|x86
		{A2ACA50F-7E14-4A8F-AF2B-89D7FDA4429F}.Debug|x86.Build.0 = Debug|x86
		{A2ACA50F-7E14-4A8F-AF2B-89D7FDA4429F}.Debug|x64.ActiveCfg = Debug|Any CPU
		{A2ACA50F-7E14-4A8F-AF2B-89D7FDA4429F}.Debug|x64.Build.0 = Debug|Any CPU
		{A2ACA50F-7E14-4A8F-AF2B-89D7FDA4429F}.Release|Any CPU.ActiveCfg = Release|x86
		{A2ACA50F-7E14-4A8F-AF2B-89D7FDA4429F}.Release|x86.ActiveCfg = Release|x86
		{A2ACA50F-7E14-4A8F-AF2B-89D7FDA4429F}.Release|x86.Build.0 = Release|x86
		{A2ACA50F-7E14-4A8F-AF2B-89D7FDA4429F}.Release|x64.ActiveCfg = Release|Any CPU
		{A2ACA50F-7E14-4A8F-AF2B-89D7FDA4429F}.Release|x64.Build.0 = Release|Any CPU
		{73F2DD9E-AF24-5B44-190A-54C9E8043747}.Debug|Any CPU.ActiveCfg = Debug|Any CPU
		{73F2DD9E-AF24-5B44-190A-54C9E8043747}.Debug|Any CPU.Build.0 = Debug|Any CPU
		{73F2DD9E-AF24-5B44-190A-54C9E8043747}.Debug|x86.ActiveCfg = Debug|Any CPU
		{73F2DD9E-AF24-5B44-190A-54C9E8043747}.Debug|x86.Build.0 = Debug|Any CPU
		{73F2DD9E-AF24-5B44-190A-54C9E8043747}.Debug|x64.ActiveCfg = Debug|Any CPU
		{73F2DD9E-AF24-5B44-190A-54C9E8043747}.Debug|x64.Build.0 = Debug|Any CPU
		{73F2DD9E-AF24-5B44-190A-54C9E8043747}.Release|Any CPU.ActiveCfg = Release|Any CPU
		{73F2DD9E-AF24-5B44-190A-54C9E8043747}.Release|Any CPU.Build.0 = Release|Any CPU
		{73F2DD9E-AF24-5B44-190A-54C9E8043747}.Release|x86.ActiveCfg = Release|Any CPU
		{73F2DD9E-AF24-5B44-190A-54C9E8043747}.Release|x86.Build.0 = Release|Any CPU
		{73F2DD9E-AF24-5B44-190A-54C9E8043747}.Release|x64.ActiveCfg = Release|Any CPU
		{73F2DD9E-AF24-5B44-190A-54C9E8043747}.Release|x64.Build.0 = Release|Any CPU
		{62C74503-0384-FB03-9EC0-A84263A00056}.Debug|Any CPU.ActiveCfg = Debug|Any CPU
		{62C74503-0384-FB03-9EC0-A84263A00056}.Debug|Any CPU.Build.0 = Debug|Any CPU
		{62C74503-0384-FB03-9EC0-A84263A00056}.Debug|x86.ActiveCfg = Debug|Any CPU
		{62C74503-0384-FB03-9EC0-A84263A00056}.Debug|x86.Build.0 = Debug|Any CPU
		{62C74503-0384-FB03-9EC0-A84263A00056}.Debug|x64.ActiveCfg = Debug|Any CPU
		{62C74503-0384-FB03-9EC0-A84263A00056}.Debug|x64.Build.0 = Debug|Any CPU
		{62C74503-0384-FB03-9EC0-A84263A00056}.Release|Any CPU.ActiveCfg = Release|Any CPU
		{62C74503-0384-FB03-9EC0-A84263A00056}.Release|Any CPU.Build.0 = Release|Any CPU
		{62C74503-0384-FB03-9EC0-A84263A00056}.Release|x86.ActiveCfg = Release|Any CPU
		{62C74503-0384-FB03-9EC0-A84263A00056}.Release|x86.Build.0 = Release|Any CPU
		{62C74503-0384-FB03-9EC0-A84263A00056}.Release|x64.ActiveCfg = Release|Any CPU
		{62C74503-0384-FB03-9EC0-A84263A00056}.Release|x64.Build.0 = Release|Any CPU
		{3E3B7FD4-CB86-0FAE-1EEB-2330F1F33263}.Debug|Any CPU.ActiveCfg = Debug|Any CPU
		{3E3B7FD4-CB86-0FAE-1EEB-2330F1F33263}.Debug|Any CPU.Build.0 = Debug|Any CPU
		{3E3B7FD4-CB86-0FAE-1EEB-2330F1F33263}.Debug|x86.ActiveCfg = Debug|Any CPU
		{3E3B7FD4-CB86-0FAE-1EEB-2330F1F33263}.Debug|x86.Build.0 = Debug|Any CPU
		{3E3B7FD4-CB86-0FAE-1EEB-2330F1F33263}.Debug|x64.ActiveCfg = Debug|Any CPU
		{3E3B7FD4-CB86-0FAE-1EEB-2330F1F33263}.Debug|x64.Build.0 = Debug|Any CPU
		{3E3B7FD4-CB86-0FAE-1EEB-2330F1F33263}.Release|Any CPU.ActiveCfg = Release|Any CPU
		{3E3B7FD4-CB86-0FAE-1EEB-2330F1F33263}.Release|Any CPU.Build.0 = Release|Any CPU
		{3E3B7FD4-CB86-0FAE-1EEB-2330F1F33263}.Release|x86.ActiveCfg = Release|Any CPU
		{3E3B7FD4-CB86-0FAE-1EEB-2330F1F33263}.Release|x86.Build.0 = Release|Any CPU
		{3E3B7FD4-CB86-0FAE-1EEB-2330F1F33263}.Release|x64.ActiveCfg = Release|Any CPU
		{3E3B7FD4-CB86-0FAE-1EEB-2330F1F33263}.Release|x64.Build.0 = Release|Any CPU
		{DDD6F19D-7056-7B58-8364-E8D68B1453A4}.Debug|Any CPU.ActiveCfg = Debug|Any CPU
		{DDD6F19D-7056-7B58-8364-E8D68B1453A4}.Debug|Any CPU.Build.0 = Debug|Any CPU
		{DDD6F19D-7056-7B58-8364-E8D68B1453A4}.Debug|x86.ActiveCfg = Debug|Any CPU
		{DDD6F19D-7056-7B58-8364-E8D68B1453A4}.Debug|x86.Build.0 = Debug|Any CPU
		{DDD6F19D-7056-7B58-8364-E8D68B1453A4}.Debug|x64.ActiveCfg = Debug|Any CPU
		{DDD6F19D-7056-7B58-8364-E8D68B1453A4}.Debug|x64.Build.0 = Debug|Any CPU
		{DDD6F19D-7056-7B58-8364-E8D68B1453A4}.Release|Any CPU.ActiveCfg = Release|Any CPU
		{DDD6F19D-7056-7B58-8364-E8D68B1453A4}.Release|Any CPU.Build.0 = Release|Any CPU
		{DDD6F19D-7056-7B58-8364-E8D68B1453A4}.Release|x86.ActiveCfg = Release|Any CPU
		{DDD6F19D-7056-7B58-8364-E8D68B1453A4}.Release|x86.Build.0 = Release|Any CPU
		{DDD6F19D-7056-7B58-8364-E8D68B1453A4}.Release|x64.ActiveCfg = Release|Any CPU
		{DDD6F19D-7056-7B58-8364-E8D68B1453A4}.Release|x64.Build.0 = Release|Any CPU
		{2640660C-470D-D57A-CFDB-C5A3D6159446}.Debug|Any CPU.ActiveCfg = Debug|Any CPU
		{2640660C-470D-D57A-CFDB-C5A3D6159446}.Debug|Any CPU.Build.0 = Debug|Any CPU
		{2640660C-470D-D57A-CFDB-C5A3D6159446}.Debug|x86.ActiveCfg = Debug|Any CPU
		{2640660C-470D-D57A-CFDB-C5A3D6159446}.Debug|x86.Build.0 = Debug|Any CPU
		{2640660C-470D-D57A-CFDB-C5A3D6159446}.Debug|x64.ActiveCfg = Debug|Any CPU
		{2640660C-470D-D57A-CFDB-C5A3D6159446}.Debug|x64.Build.0 = Debug|Any CPU
		{2640660C-470D-D57A-CFDB-C5A3D6159446}.Release|Any CPU.ActiveCfg = Release|Any CPU
		{2640660C-470D-D57A-CFDB-C5A3D6159446}.Release|Any CPU.Build.0 = Release|Any CPU
		{2640660C-470D-D57A-CFDB-C5A3D6159446}.Release|x86.ActiveCfg = Release|Any CPU
		{2640660C-470D-D57A-CFDB-C5A3D6159446}.Release|x86.Build.0 = Release|Any CPU
		{2640660C-470D-D57A-CFDB-C5A3D6159446}.Release|x64.ActiveCfg = Release|Any CPU
		{2640660C-470D-D57A-CFDB-C5A3D6159446}.Release|x64.Build.0 = Release|Any CPU
		{9CD6B02A-18E4-4EBF-BE4C-9FB318D40580}.Debug|Any CPU.ActiveCfg = Debug|Any CPU
		{9CD6B02A-18E4-4EBF-BE4C-9FB318D40580}.Debug|Any CPU.Build.0 = Debug|Any CPU
		{9CD6B02A-18E4-4EBF-BE4C-9FB318D40580}.Debug|x86.ActiveCfg = Debug|Any CPU
		{9CD6B02A-18E4-4EBF-BE4C-9FB318D40580}.Debug|x86.Build.0 = Debug|Any CPU
		{9CD6B02A-18E4-4EBF-BE4C-9FB318D40580}.Debug|x64.ActiveCfg = Debug|Any CPU
		{9CD6B02A-18E4-4EBF-BE4C-9FB318D40580}.Debug|x64.Build.0 = Debug|Any CPU
		{9CD6B02A-18E4-4EBF-BE4C-9FB318D40580}.Release|Any CPU.ActiveCfg = Release|Any CPU
		{9CD6B02A-18E4-4EBF-BE4C-9FB318D40580}.Release|Any CPU.Build.0 = Release|Any CPU
		{9CD6B02A-18E4-4EBF-BE4C-9FB318D40580}.Release|x86.ActiveCfg = Release|Any CPU
		{9CD6B02A-18E4-4EBF-BE4C-9FB318D40580}.Release|x86.Build.0 = Release|Any CPU
		{9CD6B02A-18E4-4EBF-BE4C-9FB318D40580}.Release|x64.ActiveCfg = Release|Any CPU
		{9CD6B02A-18E4-4EBF-BE4C-9FB318D40580}.Release|x64.Build.0 = Release|Any CPU
		{3E2405A3-2895-4504-9B37-5D1E6EB8FA8B}.Debug|Any CPU.ActiveCfg = Debug|Any CPU
		{3E2405A3-2895-4504-9B37-5D1E6EB8FA8B}.Debug|Any CPU.Build.0 = Debug|Any CPU
		{3E2405A3-2895-4504-9B37-5D1E6EB8FA8B}.Debug|x86.ActiveCfg = Debug|Any CPU
		{3E2405A3-2895-4504-9B37-5D1E6EB8FA8B}.Debug|x86.Build.0 = Debug|Any CPU
		{3E2405A3-2895-4504-9B37-5D1E6EB8FA8B}.Debug|x64.ActiveCfg = Debug|Any CPU
		{3E2405A3-2895-4504-9B37-5D1E6EB8FA8B}.Debug|x64.Build.0 = Debug|Any CPU
		{3E2405A3-2895-4504-9B37-5D1E6EB8FA8B}.Release|Any CPU.ActiveCfg = Release|Any CPU
		{3E2405A3-2895-4504-9B37-5D1E6EB8FA8B}.Release|Any CPU.Build.0 = Release|Any CPU
		{3E2405A3-2895-4504-9B37-5D1E6EB8FA8B}.Release|x86.ActiveCfg = Release|Any CPU
		{3E2405A3-2895-4504-9B37-5D1E6EB8FA8B}.Release|x86.Build.0 = Release|Any CPU
		{3E2405A3-2895-4504-9B37-5D1E6EB8FA8B}.Release|x64.ActiveCfg = Release|Any CPU
		{3E2405A3-2895-4504-9B37-5D1E6EB8FA8B}.Release|x64.Build.0 = Release|Any CPU
		{7332C93D-6408-435F-A30F-908B27CC8734}.Debug|Any CPU.ActiveCfg = Debug|Any CPU
		{7332C93D-6408-435F-A30F-908B27CC8734}.Debug|Any CPU.Build.0 = Debug|Any CPU
		{7332C93D-6408-435F-A30F-908B27CC8734}.Debug|x86.ActiveCfg = Debug|Any CPU
		{7332C93D-6408-435F-A30F-908B27CC8734}.Debug|x86.Build.0 = Debug|Any CPU
		{7332C93D-6408-435F-A30F-908B27CC8734}.Debug|x64.ActiveCfg = Debug|Any CPU
		{7332C93D-6408-435F-A30F-908B27CC8734}.Debug|x64.Build.0 = Debug|Any CPU
		{7332C93D-6408-435F-A30F-908B27CC8734}.Release|Any CPU.ActiveCfg = Release|Any CPU
		{7332C93D-6408-435F-A30F-908B27CC8734}.Release|Any CPU.Build.0 = Release|Any CPU
		{7332C93D-6408-435F-A30F-908B27CC8734}.Release|x86.ActiveCfg = Release|Any CPU
		{7332C93D-6408-435F-A30F-908B27CC8734}.Release|x86.Build.0 = Release|Any CPU
		{7332C93D-6408-435F-A30F-908B27CC8734}.Release|x64.ActiveCfg = Release|Any CPU
		{7332C93D-6408-435F-A30F-908B27CC8734}.Release|x64.Build.0 = Release|Any CPU
		{2B8D4579-D490-4249-BB26-9735C3C7FCB8}.Debug|Any CPU.ActiveCfg = Debug|Any CPU
		{2B8D4579-D490-4249-BB26-9735C3C7FCB8}.Debug|Any CPU.Build.0 = Debug|Any CPU
		{2B8D4579-D490-4249-BB26-9735C3C7FCB8}.Debug|x86.ActiveCfg = Debug|Any CPU
		{2B8D4579-D490-4249-BB26-9735C3C7FCB8}.Debug|x86.Build.0 = Debug|Any CPU
		{2B8D4579-D490-4249-BB26-9735C3C7FCB8}.Debug|x64.ActiveCfg = Debug|Any CPU
		{2B8D4579-D490-4249-BB26-9735C3C7FCB8}.Debug|x64.Build.0 = Debug|Any CPU
		{2B8D4579-D490-4249-BB26-9735C3C7FCB8}.Release|Any CPU.ActiveCfg = Release|Any CPU
		{2B8D4579-D490-4249-BB26-9735C3C7FCB8}.Release|Any CPU.Build.0 = Release|Any CPU
		{2B8D4579-D490-4249-BB26-9735C3C7FCB8}.Release|x86.ActiveCfg = Release|Any CPU
		{2B8D4579-D490-4249-BB26-9735C3C7FCB8}.Release|x86.Build.0 = Release|Any CPU
		{2B8D4579-D490-4249-BB26-9735C3C7FCB8}.Release|x64.ActiveCfg = Release|Any CPU
		{2B8D4579-D490-4249-BB26-9735C3C7FCB8}.Release|x64.Build.0 = Release|Any CPU
	EndGlobalSection
	GlobalSection(SolutionProperties) = preSolution
		HideSolutionNode = FALSE
	EndGlobalSection
	GlobalSection(NestedProjects) = preSolution
		{0B7E39D4-1527-4802-A01D-4464980E5EFB} = {06B52100-AC0C-4A4A-B4C9-4012F540617E}
		{2F146852-E09A-43DE-A3FC-26AF8A464ADE} = {41A9422E-2021-4DF2-AF38-3F44EFB6DF3D}
		{91C994A6-0245-406C-8637-C446E58F27BE} = {41A9422E-2021-4DF2-AF38-3F44EFB6DF3D}
		{F346FEDE-C516-44E4-B1E3-62793CB424C2} = {41A9422E-2021-4DF2-AF38-3F44EFB6DF3D}
		{EBA36E87-C1A0-44FE-AF8A-569727B148A4} = {41A9422E-2021-4DF2-AF38-3F44EFB6DF3D}
		{B7ECDF4A-15E5-429C-BB4C-BFF673E85F08} = {41A9422E-2021-4DF2-AF38-3F44EFB6DF3D}
		{A2ACA50F-7E14-4A8F-AF2B-89D7FDA4429F} = {06B52100-AC0C-4A4A-B4C9-4012F540617E}
		{73F2DD9E-AF24-5B44-190A-54C9E8043747} = {02EA681E-C7D8-13C7-8484-4AC65E1B71E8}
		{62C74503-0384-FB03-9EC0-A84263A00056} = {02EA681E-C7D8-13C7-8484-4AC65E1B71E8}
		{3E3B7FD4-CB86-0FAE-1EEB-2330F1F33263} = {02EA681E-C7D8-13C7-8484-4AC65E1B71E8}
		{DDD6F19D-7056-7B58-8364-E8D68B1453A4} = {02EA681E-C7D8-13C7-8484-4AC65E1B71E8}
		{2640660C-470D-D57A-CFDB-C5A3D6159446} = {02EA681E-C7D8-13C7-8484-4AC65E1B71E8}
	EndGlobalSection
EndGlobal
